
Microsoft Visual Studio Solution File, Format Version 12.00
# Visual Studio Version 16
VisualStudioVersion = 16.0.29123.88
MinimumVisualStudioVersion = 10.0.40219.1
Project("{9A19103F-16F7-4668-BE54-9A1E7A4F7556}") = "Heroes.ReplayParser", "Heroes.ReplayParser\Heroes.ReplayParser.csproj", "{F81E3746-E992-414D-B8BC-E7FF9BD2D19E}"
EndProject
Project("{2150E333-8FDC-42A3-9474-1A3956D46DE8}") = "Tests", "Tests", "{CD017793-8CFA-4B06-9C4A-D78F394C8D61}"
EndProject
Project("{9A19103F-16F7-4668-BE54-9A1E7A4F7556}") = "Heroes.Console", "Heroes.Tests\Heroes.Console.csproj", "{1E5F1C75-74E7-4342-890C-8568375587FC}"
EndProject
Project("{9A19103F-16F7-4668-BE54-9A1E7A4F7556}") = "Heroes.ReplayParser.Tests", "Tests\Heroes.ReplayParser.Tests\Heroes.ReplayParser.Tests.csproj", "{57F15364-37B9-4705-80C1-DB9C5ECCA71E}"
EndProject
Project("{9A19103F-16F7-4668-BE54-9A1E7A4F7556}") = "Heroes.ReplayParser.Benchmarks", "Heroes.ReplayParser.Benchmarks\Heroes.ReplayParser.Benchmarks.csproj", "{CA05E8DA-5772-4C4A-A2A6-0AFDB8BB1AE2}"
EndProject
Project("{9A19103F-16F7-4668-BE54-9A1E7A4F7556}") = "Heroes.MpqToolV2", "Heroes.MpqToolV2\Heroes.MpqToolV2.csproj", "{EFA50E9B-4F83-4A8D-A1CE-3D50C9CCA164}"
EndProject
Global
	GlobalSection(SolutionConfigurationPlatforms) = preSolution
		Debug|Any CPU = Debug|Any CPU
		Release|Any CPU = Release|Any CPU
	EndGlobalSection
	GlobalSection(ProjectConfigurationPlatforms) = postSolution
		{F81E3746-E992-414D-B8BC-E7FF9BD2D19E}.Debug|Any CPU.ActiveCfg = Debug|Any CPU
		{F81E3746-E992-414D-B8BC-E7FF9BD2D19E}.Debug|Any CPU.Build.0 = Debug|Any CPU
		{F81E3746-E992-414D-B8BC-E7FF9BD2D19E}.Release|Any CPU.ActiveCfg = Release|Any CPU
		{F81E3746-E992-414D-B8BC-E7FF9BD2D19E}.Release|Any CPU.Build.0 = Release|Any CPU
		{1E5F1C75-74E7-4342-890C-8568375587FC}.Debug|Any CPU.ActiveCfg = Debug|Any CPU
		{1E5F1C75-74E7-4342-890C-8568375587FC}.Debug|Any CPU.Build.0 = Debug|Any CPU
		{1E5F1C75-74E7-4342-890C-8568375587FC}.Release|Any CPU.ActiveCfg = Release|Any CPU
		{1E5F1C75-74E7-4342-890C-8568375587FC}.Release|Any CPU.Build.0 = Release|Any CPU
		{57F15364-37B9-4705-80C1-DB9C5ECCA71E}.Debug|Any CPU.ActiveCfg = Debug|Any CPU
		{57F15364-37B9-4705-80C1-DB9C5ECCA71E}.Debug|Any CPU.Build.0 = Debug|Any CPU
		{57F15364-37B9-4705-80C1-DB9C5ECCA71E}.Release|Any CPU.ActiveCfg = Release|Any CPU
		{57F15364-37B9-4705-80C1-DB9C5ECCA71E}.Release|Any CPU.Build.0 = Release|Any CPU
		{CA05E8DA-5772-4C4A-A2A6-0AFDB8BB1AE2}.Debug|Any CPU.ActiveCfg = Debug|Any CPU
		{CA05E8DA-5772-4C4A-A2A6-0AFDB8BB1AE2}.Debug|Any CPU.Build.0 = Debug|Any CPU
		{CA05E8DA-5772-4C4A-A2A6-0AFDB8BB1AE2}.Release|Any CPU.ActiveCfg = Release|Any CPU
		{CA05E8DA-5772-4C4A-A2A6-0AFDB8BB1AE2}.Release|Any CPU.Build.0 = Release|Any CPU
		{EFA50E9B-4F83-4A8D-A1CE-3D50C9CCA164}.Debug|Any CPU.ActiveCfg = Debug|Any CPU
		{EFA50E9B-4F83-4A8D-A1CE-3D50C9CCA164}.Debug|Any CPU.Build.0 = Debug|Any CPU
		{EFA50E9B-4F83-4A8D-A1CE-3D50C9CCA164}.Release|Any CPU.ActiveCfg = Release|Any CPU
		{EFA50E9B-4F83-4A8D-A1CE-3D50C9CCA164}.Release|Any CPU.Build.0 = Release|Any CPU
	EndGlobalSection
	GlobalSection(SolutionProperties) = preSolution
		HideSolutionNode = FALSE
	EndGlobalSection
	GlobalSection(NestedProjects) = preSolution
		{57F15364-37B9-4705-80C1-DB9C5ECCA71E} = {CD017793-8CFA-4B06-9C4A-D78F394C8D61}
	EndGlobalSection
	GlobalSection(ExtensibilityGlobals) = postSolution
		SolutionGuid = {4B0BE695-A89D-433D-B782-F36579E4844D}
	EndGlobalSection
EndGlobal
